
Microsoft Visual Studio Solution File, Format Version 12.00
# Visual Studio Version 16
VisualStudioVersion = 16.0.28917.181
MinimumVisualStudioVersion = 10.0.40219.1
Project("{FAE04EC0-301F-11D3-BF4B-00C04F79EFBC}") = "OneTV.m3uparse", "OneTV.m3uparse\OneTV.m3uparse.csproj", "{5C49DBAD-6801-4EA2-BE83-1B37544D6866}"
EndProject
Project("{FAE04EC0-301F-11D3-BF4B-00C04F79EFBC}") = "ConsoleApp1", "ConsoleApp1\ConsoleApp1.csproj", "{773031FC-4FE3-485D-9E03-4846152B7F79}"
EndProject
Global
	GlobalSection(SolutionConfigurationPlatforms) = preSolution
		Debug|Any CPU = Debug|Any CPU
		Release|Any CPU = Release|Any CPU
	EndGlobalSection
	GlobalSection(ProjectConfigurationPlatforms) = postSolution
		{5C49DBAD-6801-4EA2-BE83-1B37544D6866}.Debug|Any CPU.ActiveCfg = Debug|Any CPU
		{5C49DBAD-6801-4EA2-BE83-1B37544D6866}.Debug|Any CPU.Build.0 = Debug|Any CPU
		{5C49DBAD-6801-4EA2-BE83-1B37544D6866}.Release|Any CPU.ActiveCfg = Release|Any CPU
		{5C49DBAD-6801-4EA2-BE83-1B37544D6866}.Release|Any CPU.Build.0 = Release|Any CPU
		{773031FC-4FE3-485D-9E03-4846152B7F79}.Debug|Any CPU.ActiveCfg = Debug|Any CPU
		{773031FC-4FE3-485D-9E03-4846152B7F79}.Debug|Any CPU.Build.0 = Debug|Any CPU
		{773031FC-4FE3-485D-9E03-4846152B7F79}.Release|Any CPU.ActiveCfg = Release|Any CPU
		{773031FC-4FE3-485D-9E03-4846152B7F79}.Release|Any CPU.Build.0 = Release|Any CPU
	EndGlobalSection
	GlobalSection(SolutionProperties) = preSolution
		HideSolutionNode = FALSE
	EndGlobalSection
	GlobalSection(ExtensibilityGlobals) = postSolution
		SolutionGuid = {8E3EF9D1-9AD1-466E-9ED3-05D77549A307}
	EndGlobalSection
EndGlobal
